
Microsoft Visual Studio Solution File, Format Version 12.00
# Visual Studio Version 16
VisualStudioVersion = 16.0.28729.10
MinimumVisualStudioVersion = 10.0.40219.1
Project("{2150E333-8FDC-42A3-9474-1A3956D46DE8}") = "Solution Items", "Solution Items", "{C3045C14-78B6-416B-BE90-9ED039C17482}"
	ProjectSection(SolutionItems) = preProject
		License.md = License.md
		ReadMe.md = ReadMe.md
	EndProjectSection
EndProject
Project("{9A19103F-16F7-4668-BE54-9A1E7A4F7556}") = "SAEON.Nuget", "SAEON.Nuget\SAEON.Nuget.csproj", "{546B436D-FD82-4761-81EE-36AC90A07BB4}"
EndProject
Project("{9A19103F-16F7-4668-BE54-9A1E7A4F7556}") = "SAEON.Core", "SAEON.Core\SAEON.Core.csproj", "{29FFFF26-0AFE-4615-8038-F27E1DF352E0}"
	ProjectSection(ProjectDependencies) = postProject
		{546B436D-FD82-4761-81EE-36AC90A07BB4} = {546B436D-FD82-4761-81EE-36AC90A07BB4}
	EndProjectSection
EndProject
Project("{9A19103F-16F7-4668-BE54-9A1E7A4F7556}") = "SAEON.Core.WPF", "SAEON.Core.WPF\SAEON.Core.WPF.csproj", "{7FCA5F54-3727-466E-B461-7617FD39CB96}"
	ProjectSection(ProjectDependencies) = postProject
		{546B436D-FD82-4761-81EE-36AC90A07BB4} = {546B436D-FD82-4761-81EE-36AC90A07BB4}
	EndProjectSection
EndProject
Project("{9A19103F-16F7-4668-BE54-9A1E7A4F7556}") = "SAEON.AspNet.Mvc", "SAEON.AspNet.Mvc\SAEON.AspNet.Mvc.csproj", "{B22F20FC-C07C-41C6-8B31-E6D4DA7E9ECD}"
	ProjectSection(ProjectDependencies) = postProject
		{08028905-2B1F-46B3-9FC9-E6DD2D84A54E} = {08028905-2B1F-46B3-9FC9-E6DD2D84A54E}
		{546B436D-FD82-4761-81EE-36AC90A07BB4} = {546B436D-FD82-4761-81EE-36AC90A07BB4}
	EndProjectSection
EndProject
Project("{9A19103F-16F7-4668-BE54-9A1E7A4F7556}") = "SAEON.OpenXML", "SAEON.OpenXML\SAEON.OpenXML.csproj", "{079B3678-2418-4B5D-BB5F-0838F5840F2F}"
	ProjectSection(ProjectDependencies) = postProject
		{DD0E2011-4901-4614-8EEF-E4D5CE976E3B} = {DD0E2011-4901-4614-8EEF-E4D5CE976E3B}
		{29FFFF26-0AFE-4615-8038-F27E1DF352E0} = {29FFFF26-0AFE-4615-8038-F27E1DF352E0}
		{546B436D-FD82-4761-81EE-36AC90A07BB4} = {546B436D-FD82-4761-81EE-36AC90A07BB4}
		{1FDFBF9C-67B2-46D1-B423-B6ED278C0B9B} = {1FDFBF9C-67B2-46D1-B423-B6ED278C0B9B}
	EndProjectSection
EndProject
Project("{9A19103F-16F7-4668-BE54-9A1E7A4F7556}") = "SAEON.Azure.Storage", "SAEON.Azure.Storage\SAEON.Azure.Storage.csproj", "{5BAE9A07-0C0D-4F1E-BA27-17EC77A85535}"
	ProjectSection(ProjectDependencies) = postProject
		{546B436D-FD82-4761-81EE-36AC90A07BB4} = {546B436D-FD82-4761-81EE-36AC90A07BB4}
	EndProjectSection
EndProject
Project("{9A19103F-16F7-4668-BE54-9A1E7A4F7556}") = "SAEON.Azure.CosmosDB", "SAEON.Azure.CosmosDB\SAEON.Azure.CosmosDB.csproj", "{7E1A9EC1-A982-480D-8660-8341C2C1C8A4}"
	ProjectSection(ProjectDependencies) = postProject
		{29FFFF26-0AFE-4615-8038-F27E1DF352E0} = {29FFFF26-0AFE-4615-8038-F27E1DF352E0}
		{546B436D-FD82-4761-81EE-36AC90A07BB4} = {546B436D-FD82-4761-81EE-36AC90A07BB4}
		{1FDFBF9C-67B2-46D1-B423-B6ED278C0B9B} = {1FDFBF9C-67B2-46D1-B423-B6ED278C0B9B}
	EndProjectSection
EndProject
Project("{9A19103F-16F7-4668-BE54-9A1E7A4F7556}") = "SAEON.OpenXML.ConsoleTests", "SAEON.OpenXML.ConsoleTests\SAEON.OpenXML.ConsoleTests.csproj", "{4CD15722-9A31-4956-A119-358E9A67A862}"
EndProject
Project("{9A19103F-16F7-4668-BE54-9A1E7A4F7556}") = "SAEON.AspNet.Common", "SAEON.AspNet.Common\SAEON.AspNet.Common.csproj", "{08028905-2B1F-46B3-9FC9-E6DD2D84A54E}"
EndProject
Project("{9A19103F-16F7-4668-BE54-9A1E7A4F7556}") = "SAEON.Logs.NetCore", "SAEON.Logs.NetCore\SAEON.Logs.NetCore.csproj", "{DD0E2011-4901-4614-8EEF-E4D5CE976E3B}"
EndProject
Project("{9A19103F-16F7-4668-BE54-9A1E7A4F7556}") = "SAEON.Logs.NetFramework", "SAEON.Logs.NetFramework\SAEON.Logs.NetFramework.csproj", "{1FDFBF9C-67B2-46D1-B423-B6ED278C0B9B}"
EndProject
Global
	GlobalSection(SolutionConfigurationPlatforms) = preSolution
		Debug|Any CPU = Debug|Any CPU
		Release|Any CPU = Release|Any CPU
	EndGlobalSection
	GlobalSection(ProjectConfigurationPlatforms) = postSolution
		{546B436D-FD82-4761-81EE-36AC90A07BB4}.Debug|Any CPU.ActiveCfg = Debug|Any CPU
		{546B436D-FD82-4761-81EE-36AC90A07BB4}.Debug|Any CPU.Build.0 = Debug|Any CPU
		{546B436D-FD82-4761-81EE-36AC90A07BB4}.Release|Any CPU.ActiveCfg = Release|Any CPU
		{546B436D-FD82-4761-81EE-36AC90A07BB4}.Release|Any CPU.Build.0 = Release|Any CPU
		{29FFFF26-0AFE-4615-8038-F27E1DF352E0}.Debug|Any CPU.ActiveCfg = Debug|Any CPU
		{29FFFF26-0AFE-4615-8038-F27E1DF352E0}.Debug|Any CPU.Build.0 = Debug|Any CPU
		{29FFFF26-0AFE-4615-8038-F27E1DF352E0}.Release|Any CPU.ActiveCfg = Release|Any CPU
		{29FFFF26-0AFE-4615-8038-F27E1DF352E0}.Release|Any CPU.Build.0 = Release|Any CPU
		{7FCA5F54-3727-466E-B461-7617FD39CB96}.Debug|Any CPU.ActiveCfg = Debug|Any CPU
		{7FCA5F54-3727-466E-B461-7617FD39CB96}.Debug|Any CPU.Build.0 = Debug|Any CPU
		{7FCA5F54-3727-466E-B461-7617FD39CB96}.Release|Any CPU.ActiveCfg = Release|Any CPU
		{7FCA5F54-3727-466E-B461-7617FD39CB96}.Release|Any CPU.Build.0 = Release|Any CPU
		{B22F20FC-C07C-41C6-8B31-E6D4DA7E9ECD}.Debug|Any CPU.ActiveCfg = Debug|Any CPU
		{B22F20FC-C07C-41C6-8B31-E6D4DA7E9ECD}.Debug|Any CPU.Build.0 = Debug|Any CPU
		{B22F20FC-C07C-41C6-8B31-E6D4DA7E9ECD}.Release|Any CPU.ActiveCfg = Release|Any CPU
		{B22F20FC-C07C-41C6-8B31-E6D4DA7E9ECD}.Release|Any CPU.Build.0 = Release|Any CPU
		{079B3678-2418-4B5D-BB5F-0838F5840F2F}.Debug|Any CPU.ActiveCfg = Debug|Any CPU
		{079B3678-2418-4B5D-BB5F-0838F5840F2F}.Debug|Any CPU.Build.0 = Debug|Any CPU
		{079B3678-2418-4B5D-BB5F-0838F5840F2F}.Release|Any CPU.ActiveCfg = Release|Any CPU
		{079B3678-2418-4B5D-BB5F-0838F5840F2F}.Release|Any CPU.Build.0 = Release|Any CPU
		{5BAE9A07-0C0D-4F1E-BA27-17EC77A85535}.Debug|Any CPU.ActiveCfg = Debug|Any CPU
		{5BAE9A07-0C0D-4F1E-BA27-17EC77A85535}.Debug|Any CPU.Build.0 = Debug|Any CPU
		{5BAE9A07-0C0D-4F1E-BA27-17EC77A85535}.Release|Any CPU.ActiveCfg = Release|Any CPU
		{5BAE9A07-0C0D-4F1E-BA27-17EC77A85535}.Release|Any CPU.Build.0 = Release|Any CPU
		{7E1A9EC1-A982-480D-8660-8341C2C1C8A4}.Debug|Any CPU.ActiveCfg = Debug|Any CPU
		{7E1A9EC1-A982-480D-8660-8341C2C1C8A4}.Debug|Any CPU.Build.0 = Debug|Any CPU
		{7E1A9EC1-A982-480D-8660-8341C2C1C8A4}.Release|Any CPU.ActiveCfg = Release|Any CPU
		{7E1A9EC1-A982-480D-8660-8341C2C1C8A4}.Release|Any CPU.Build.0 = Release|Any CPU
		{4CD15722-9A31-4956-A119-358E9A67A862}.Debug|Any CPU.ActiveCfg = Debug|Any CPU
		{4CD15722-9A31-4956-A119-358E9A67A862}.Debug|Any CPU.Build.0 = Debug|Any CPU
		{4CD15722-9A31-4956-A119-358E9A67A862}.Release|Any CPU.ActiveCfg = Release|Any CPU
		{4CD15722-9A31-4956-A119-358E9A67A862}.Release|Any CPU.Build.0 = Release|Any CPU
		{08028905-2B1F-46B3-9FC9-E6DD2D84A54E}.Debug|Any CPU.ActiveCfg = Debug|Any CPU
		{08028905-2B1F-46B3-9FC9-E6DD2D84A54E}.Debug|Any CPU.Build.0 = Debug|Any CPU
		{08028905-2B1F-46B3-9FC9-E6DD2D84A54E}.Release|Any CPU.ActiveCfg = Release|Any CPU
		{08028905-2B1F-46B3-9FC9-E6DD2D84A54E}.Release|Any CPU.Build.0 = Release|Any CPU
		{DD0E2011-4901-4614-8EEF-E4D5CE976E3B}.Debug|Any CPU.ActiveCfg = Debug|Any CPU
		{DD0E2011-4901-4614-8EEF-E4D5CE976E3B}.Debug|Any CPU.Build.0 = Debug|Any CPU
		{DD0E2011-4901-4614-8EEF-E4D5CE976E3B}.Release|Any CPU.ActiveCfg = Release|Any CPU
		{DD0E2011-4901-4614-8EEF-E4D5CE976E3B}.Release|Any CPU.Build.0 = Release|Any CPU
		{1FDFBF9C-67B2-46D1-B423-B6ED278C0B9B}.Debug|Any CPU.ActiveCfg = Debug|Any CPU
		{1FDFBF9C-67B2-46D1-B423-B6ED278C0B9B}.Debug|Any CPU.Build.0 = Debug|Any CPU
		{1FDFBF9C-67B2-46D1-B423-B6ED278C0B9B}.Release|Any CPU.ActiveCfg = Release|Any CPU
		{1FDFBF9C-67B2-46D1-B423-B6ED278C0B9B}.Release|Any CPU.Build.0 = Release|Any CPU
	EndGlobalSection
	GlobalSection(SolutionProperties) = preSolution
		HideSolutionNode = FALSE
	EndGlobalSection
	GlobalSection(ExtensibilityGlobals) = postSolution
		SolutionGuid = {0BD5A0AA-97F4-4EE2-9416-8F1B501C9881}
	EndGlobalSection
EndGlobal
