
Microsoft Visual Studio Solution File, Format Version 12.00
# Visual Studio 15
VisualStudioVersion = 15.0.27130.2010
MinimumVisualStudioVersion = 10.0.40219.1
Project("{2150E333-8FDC-42A3-9474-1A3956D46DE8}") = "Solution Items", "Solution Items", "{C3045C14-78B6-416B-BE90-9ED039C17482}"
	ProjectSection(SolutionItems) = preProject
		License.md = License.md
		ReadMe.md = ReadMe.md
	EndProjectSection
EndProject
Project("{9A19103F-16F7-4668-BE54-9A1E7A4F7556}") = "SAEON.Logs", "SAEON.Logs\SAEON.Logs.csproj", "{6251C2BE-EC34-4798-B635-003E9461A0BA}"
	ProjectSection(ProjectDependencies) = postProject
		{546B436D-FD82-4761-81EE-36AC90A07BB4} = {546B436D-FD82-4761-81EE-36AC90A07BB4}
	EndProjectSection
EndProject
Project("{9A19103F-16F7-4668-BE54-9A1E7A4F7556}") = "SAEON.Nuget", "SAEON.Nuget\SAEON.Nuget.csproj", "{546B436D-FD82-4761-81EE-36AC90A07BB4}"
EndProject
Project("{9A19103F-16F7-4668-BE54-9A1E7A4F7556}") = "SAEON.AspNet.WebApi", "SAEON.AspNet.WebApi\SAEON.AspNet.WebApi.csproj", "{800CE3A7-386A-467D-B8C8-3D7E315C33EC}"
	ProjectSection(ProjectDependencies) = postProject
		{546B436D-FD82-4761-81EE-36AC90A07BB4} = {546B436D-FD82-4761-81EE-36AC90A07BB4}
		{6251C2BE-EC34-4798-B635-003E9461A0BA} = {6251C2BE-EC34-4798-B635-003E9461A0BA}
	EndProjectSection
EndProject
Project("{9A19103F-16F7-4668-BE54-9A1E7A4F7556}") = "SAEON.Core", "SAEON.Core\SAEON.Core.csproj", "{29FFFF26-0AFE-4615-8038-F27E1DF352E0}"
	ProjectSection(ProjectDependencies) = postProject
		{546B436D-FD82-4761-81EE-36AC90A07BB4} = {546B436D-FD82-4761-81EE-36AC90A07BB4}
	EndProjectSection
EndProject
Project("{9A19103F-16F7-4668-BE54-9A1E7A4F7556}") = "SAEON.Core.WPF", "SAEON.Core.WPF\SAEON.Core.WPF.csproj", "{7FCA5F54-3727-466E-B461-7617FD39CB96}"
	ProjectSection(ProjectDependencies) = postProject
		{546B436D-FD82-4761-81EE-36AC90A07BB4} = {546B436D-FD82-4761-81EE-36AC90A07BB4}
	EndProjectSection
EndProject
Project("{9A19103F-16F7-4668-BE54-9A1E7A4F7556}") = "SAEON.AspNet.Mvc", "SAEON.AspNet.Mvc\SAEON.AspNet.Mvc.csproj", "{B22F20FC-C07C-41C6-8B31-E6D4DA7E9ECD}"
	ProjectSection(ProjectDependencies) = postProject
		{546B436D-FD82-4761-81EE-36AC90A07BB4} = {546B436D-FD82-4761-81EE-36AC90A07BB4}
		{6251C2BE-EC34-4798-B635-003E9461A0BA} = {6251C2BE-EC34-4798-B635-003E9461A0BA}
	EndProjectSection
EndProject
Project("{9A19103F-16F7-4668-BE54-9A1E7A4F7556}") = "SAEON.OpenXML", "SAEON.OpenXML\SAEON.OpenXML.csproj", "{079B3678-2418-4B5D-BB5F-0838F5840F2F}"
	ProjectSection(ProjectDependencies) = postProject
		{546B436D-FD82-4761-81EE-36AC90A07BB4} = {546B436D-FD82-4761-81EE-36AC90A07BB4}
		{6251C2BE-EC34-4798-B635-003E9461A0BA} = {6251C2BE-EC34-4798-B635-003E9461A0BA}
	EndProjectSection
EndProject
Project("{9A19103F-16F7-4668-BE54-9A1E7A4F7556}") = "SAEON.Azure.Storage", "SAEON.Azure.Storage\SAEON.Azure.Storage.csproj", "{5BAE9A07-0C0D-4F1E-BA27-17EC77A85535}"
	ProjectSection(ProjectDependencies) = postProject
		{546B436D-FD82-4761-81EE-36AC90A07BB4} = {546B436D-FD82-4761-81EE-36AC90A07BB4}
	EndProjectSection
EndProject
Project("{9A19103F-16F7-4668-BE54-9A1E7A4F7556}") = "SAEON.SensorThings", "SAEON.SensorThings\SAEON.SensorThings.csproj", "{057AF8C9-D835-4291-B9FD-67DDFAF0C86B}"
	ProjectSection(ProjectDependencies) = postProject
		{546B436D-FD82-4761-81EE-36AC90A07BB4} = {546B436D-FD82-4761-81EE-36AC90A07BB4}
		{6251C2BE-EC34-4798-B635-003E9461A0BA} = {6251C2BE-EC34-4798-B635-003E9461A0BA}
	EndProjectSection
EndProject
Project("{9A19103F-16F7-4668-BE54-9A1E7A4F7556}") = "SAEON.Azure.CosmosDB", "SAEON.Azure.CosmosDB\SAEON.Azure.CosmosDB.csproj", "{7E1A9EC1-A982-480D-8660-8341C2C1C8A4}"
	ProjectSection(ProjectDependencies) = postProject
		{546B436D-FD82-4761-81EE-36AC90A07BB4} = {546B436D-FD82-4761-81EE-36AC90A07BB4}
		{6251C2BE-EC34-4798-B635-003E9461A0BA} = {6251C2BE-EC34-4798-B635-003E9461A0BA}
	EndProjectSection
EndProject
Project("{9A19103F-16F7-4668-BE54-9A1E7A4F7556}") = "SAEON.Extensions.Logging", "SAEON.Extensions.Logging\SAEON.Extensions.Logging.csproj", "{31A07E39-EAC7-4B1B-AD23-DFFAC6F10582}"
EndProject
Project("{9A19103F-16F7-4668-BE54-9A1E7A4F7556}") = "SAEON.Extensions.Logging.ConsoleTests", "SAEON.Extensions.Logging.ConsoleTests\SAEON.Extensions.Logging.ConsoleTests.csproj", "{F5162B78-EC97-492D-BA7B-F13D247E6420}"
EndProject
Global
	GlobalSection(SolutionConfigurationPlatforms) = preSolution
		Debug|Any CPU = Debug|Any CPU
		Release|Any CPU = Release|Any CPU
	EndGlobalSection
	GlobalSection(ProjectConfigurationPlatforms) = postSolution
		{6251C2BE-EC34-4798-B635-003E9461A0BA}.Debug|Any CPU.ActiveCfg = Debug|Any CPU
		{6251C2BE-EC34-4798-B635-003E9461A0BA}.Debug|Any CPU.Build.0 = Debug|Any CPU
		{6251C2BE-EC34-4798-B635-003E9461A0BA}.Release|Any CPU.ActiveCfg = Release|Any CPU
		{6251C2BE-EC34-4798-B635-003E9461A0BA}.Release|Any CPU.Build.0 = Release|Any CPU
		{546B436D-FD82-4761-81EE-36AC90A07BB4}.Debug|Any CPU.ActiveCfg = Debug|Any CPU
		{546B436D-FD82-4761-81EE-36AC90A07BB4}.Debug|Any CPU.Build.0 = Debug|Any CPU
		{546B436D-FD82-4761-81EE-36AC90A07BB4}.Release|Any CPU.ActiveCfg = Release|Any CPU
		{546B436D-FD82-4761-81EE-36AC90A07BB4}.Release|Any CPU.Build.0 = Release|Any CPU
		{800CE3A7-386A-467D-B8C8-3D7E315C33EC}.Debug|Any CPU.ActiveCfg = Debug|Any CPU
		{800CE3A7-386A-467D-B8C8-3D7E315C33EC}.Debug|Any CPU.Build.0 = Debug|Any CPU
		{800CE3A7-386A-467D-B8C8-3D7E315C33EC}.Release|Any CPU.ActiveCfg = Release|Any CPU
		{800CE3A7-386A-467D-B8C8-3D7E315C33EC}.Release|Any CPU.Build.0 = Release|Any CPU
		{29FFFF26-0AFE-4615-8038-F27E1DF352E0}.Debug|Any CPU.ActiveCfg = Debug|Any CPU
		{29FFFF26-0AFE-4615-8038-F27E1DF352E0}.Debug|Any CPU.Build.0 = Debug|Any CPU
		{29FFFF26-0AFE-4615-8038-F27E1DF352E0}.Release|Any CPU.ActiveCfg = Release|Any CPU
		{29FFFF26-0AFE-4615-8038-F27E1DF352E0}.Release|Any CPU.Build.0 = Release|Any CPU
		{7FCA5F54-3727-466E-B461-7617FD39CB96}.Debug|Any CPU.ActiveCfg = Debug|Any CPU
		{7FCA5F54-3727-466E-B461-7617FD39CB96}.Debug|Any CPU.Build.0 = Debug|Any CPU
		{7FCA5F54-3727-466E-B461-7617FD39CB96}.Release|Any CPU.ActiveCfg = Release|Any CPU
		{7FCA5F54-3727-466E-B461-7617FD39CB96}.Release|Any CPU.Build.0 = Release|Any CPU
		{B22F20FC-C07C-41C6-8B31-E6D4DA7E9ECD}.Debug|Any CPU.ActiveCfg = Debug|Any CPU
		{B22F20FC-C07C-41C6-8B31-E6D4DA7E9ECD}.Debug|Any CPU.Build.0 = Debug|Any CPU
		{B22F20FC-C07C-41C6-8B31-E6D4DA7E9ECD}.Release|Any CPU.ActiveCfg = Release|Any CPU
		{B22F20FC-C07C-41C6-8B31-E6D4DA7E9ECD}.Release|Any CPU.Build.0 = Release|Any CPU
		{079B3678-2418-4B5D-BB5F-0838F5840F2F}.Debug|Any CPU.ActiveCfg = Debug|Any CPU
		{079B3678-2418-4B5D-BB5F-0838F5840F2F}.Debug|Any CPU.Build.0 = Debug|Any CPU
		{079B3678-2418-4B5D-BB5F-0838F5840F2F}.Release|Any CPU.ActiveCfg = Release|Any CPU
		{079B3678-2418-4B5D-BB5F-0838F5840F2F}.Release|Any CPU.Build.0 = Release|Any CPU
		{5BAE9A07-0C0D-4F1E-BA27-17EC77A85535}.Debug|Any CPU.ActiveCfg = Debug|Any CPU
		{5BAE9A07-0C0D-4F1E-BA27-17EC77A85535}.Debug|Any CPU.Build.0 = Debug|Any CPU
		{5BAE9A07-0C0D-4F1E-BA27-17EC77A85535}.Release|Any CPU.ActiveCfg = Release|Any CPU
		{5BAE9A07-0C0D-4F1E-BA27-17EC77A85535}.Release|Any CPU.Build.0 = Release|Any CPU
		{057AF8C9-D835-4291-B9FD-67DDFAF0C86B}.Debug|Any CPU.ActiveCfg = Debug|Any CPU
		{057AF8C9-D835-4291-B9FD-67DDFAF0C86B}.Debug|Any CPU.Build.0 = Debug|Any CPU
		{057AF8C9-D835-4291-B9FD-67DDFAF0C86B}.Release|Any CPU.ActiveCfg = Release|Any CPU
		{057AF8C9-D835-4291-B9FD-67DDFAF0C86B}.Release|Any CPU.Build.0 = Release|Any CPU
		{7E1A9EC1-A982-480D-8660-8341C2C1C8A4}.Debug|Any CPU.ActiveCfg = Debug|Any CPU
		{7E1A9EC1-A982-480D-8660-8341C2C1C8A4}.Debug|Any CPU.Build.0 = Debug|Any CPU
		{7E1A9EC1-A982-480D-8660-8341C2C1C8A4}.Release|Any CPU.ActiveCfg = Release|Any CPU
		{7E1A9EC1-A982-480D-8660-8341C2C1C8A4}.Release|Any CPU.Build.0 = Release|Any CPU
		{31A07E39-EAC7-4B1B-AD23-DFFAC6F10582}.Debug|Any CPU.ActiveCfg = Debug|Any CPU
		{31A07E39-EAC7-4B1B-AD23-DFFAC6F10582}.Debug|Any CPU.Build.0 = Debug|Any CPU
		{31A07E39-EAC7-4B1B-AD23-DFFAC6F10582}.Release|Any CPU.ActiveCfg = Release|Any CPU
		{31A07E39-EAC7-4B1B-AD23-DFFAC6F10582}.Release|Any CPU.Build.0 = Release|Any CPU
		{F5162B78-EC97-492D-BA7B-F13D247E6420}.Debug|Any CPU.ActiveCfg = Debug|Any CPU
		{F5162B78-EC97-492D-BA7B-F13D247E6420}.Debug|Any CPU.Build.0 = Debug|Any CPU
		{F5162B78-EC97-492D-BA7B-F13D247E6420}.Release|Any CPU.ActiveCfg = Release|Any CPU
		{F5162B78-EC97-492D-BA7B-F13D247E6420}.Release|Any CPU.Build.0 = Release|Any CPU
	EndGlobalSection
	GlobalSection(SolutionProperties) = preSolution
		HideSolutionNode = FALSE
	EndGlobalSection
	GlobalSection(ExtensibilityGlobals) = postSolution
		SolutionGuid = {0BD5A0AA-97F4-4EE2-9416-8F1B501C9881}
	EndGlobalSection
EndGlobal
